{
  "name": "videos",
  "lockfileVersion": 3,
  "requires": true,
  "packages": {
    "": {
      "name": "videos",
      "dependencies": {
        "gsap": "^3.14.2"
      },
      "devDependencies": {
        "@fontsource/anek-bangla": "^5.3.0",
        "@fontsource/inter": "^5.3.0",
        "@fontsource/noto-sans-bengali": "^5.3.0",
        "@fontsource/playfair-display": "^5.3.0"
      }
    },
    "node_modules/@fontsource/anek-bangla": {
      "version": "5.3.0",
      "resolved": "https://registry.npmjs.org/@fontsource/anek-bangla/-/anek-bangla-5.3.0.tgz",
      "integrity": "sha512-8qoUsB8ACfj9hr8CrVY5jtRA742aQjlyHNotua5hi+mKF3SYEKVq0PDvxp4wgsJAoCioQlK0t0Qfc1Ayv3H+Rw==",
      "dev": true,
      "license": "OFL-1.1",
      "funding": {
        "url": "https://github.com/sponsors/ayuhito"
      }
    },
    "node_modules/@fontsource/inter": {
      "version": "5.3.0",
      "resolved": "https://registry.npmjs.org/@fontsource/inter/-/inter-5.3.0.tgz",
      "integrity": "sha512-RofMylZmjlJEfELXeNHFWBRcSs75rGU/6bV2S2jfnvv/3rPXPGe0LgUJTklcHZ9lM4OZmAVFhcJPnACfb91A3g==",
      "dev": true,
      "license": "OFL-1.1",
      "funding": {
        "url": "https://github.com/sponsors/ayuhito"
      }
    },
    "node_modules/@fontsource/noto-sans-bengali": {
      "version": "5.3.0",
      "resolved": "https://registry.npmjs.org/@fontsource/noto-sans-bengali/-/noto-sans-bengali-5.3.0.tgz",
      "integrity": "sha512-EFBMU0UvzyFSc1ERK369zfqEu6DMRuWmCQ2+2ahhQTQAIDPEyN1UYlQdQeFkheu2DWG2hfdwrhiLlGFl2sSr/A==",
      "dev": true,
      "license": "OFL-1.1",
      "funding": {
        "url": "https://github.com/sponsors/ayuhito"
      }
    },
    "node_modules/@fontsource/playfair-display": {
      "version": "5.3.0",
      "resolved": "https://registry.npmjs.org/@fontsource/playfair-display/-/playfair-display-5.3.0.tgz",
      "integrity": "sha512-uJSABalvdWc10fEPppQjQocamT21LEyRfzzWfRfqbkPz+sRv+kKpYDKyluBUskvJREkJTos9epj1WjQROGu99Q==",
      "dev": true,
      "license": "OFL-1.1",
      "funding": {
        "url": "https://github.com/sponsors/ayuhito"
      }
    },
    "node_modules/gsap": {
      "version": "3.14.2",
      "resolved": "https://registry.npmjs.org/gsap/-/gsap-3.14.2.tgz",
      "integrity": "sha512-P8/mMxVLU7o4+55+1TCnQrPmgjPKnwkzkXOK1asnR9Jg2lna4tEY5qBJjMmAaOBDDZWtlRjBXjLa0w53G/uBLA==",
      "license": "Standard 'no charge' license: https://gsap.com/standard-license."
    }
  }
}
